// !$*UTF8*$!
{
	archiveVersion = 1;
	classes = {
	};
	objectVersion = 52;
	objects = {

/* Begin PBXBuildFile section */
		4022099A27DF662200963282 /* SwiftyJSON in Frameworks */ = {isa = PBXBuildFile; productRef = 4022099927DF662200963282 /* SwiftyJSON */; };
		4022099D27DF666300963282 /* SDWebImageSwiftUI in Frameworks */ = {isa = PBXBuildFile; productRef = 4022099C27DF666300963282 /* SDWebImageSwiftUI */; };
		402209A027DF723200963282 /* User.swift in Sources */ = {isa = PBXBuildFile; fileRef = 4022099F27DF723200963282 /* User.swift */; };
		402209A227DF7BC900963282 /* DataStorage.swift in Sources */ = {isa = PBXBuildFile; fileRef = 402209A127DF7BC900963282 /* DataStorage.swift */; };
		402209A427DF7F1100963282 /* MainViewController.swift in Sources */ = {isa = PBXBuildFile; fileRef = 402209A327DF7F1100963282 /* MainViewController.swift */; };
		402209A727DF86E500963282 /* SearchPostsControl.swift in Sources */ = {isa = PBXBuildFile; fileRef = 402209A627DF86E500963282 /* SearchPostsControl.swift */; };
		402209AA27DF92CD00963282 /* GetPostsCommandDto.swift in Sources */ = {isa = PBXBuildFile; fileRef = 402209A927DF92CD00963282 /* GetPostsCommandDto.swift */; };
		402209AC27DFB63000963282 /* PostCell.swift in Sources */ = {isa = PBXBuildFile; fileRef = 402209AB27DFB63000963282 /* PostCell.swift */; };
		402209AE27DFB71700963282 /* PostView.swift in Sources */ = {isa = PBXBuildFile; fileRef = 402209AD27DFB71700963282 /* PostView.swift */; };
		402209B127DFC2FC00963282 /* UIViewPin.swift in Sources */ = {isa = PBXBuildFile; fileRef = 402209B027DFC2FC00963282 /* UIViewPin.swift */; };
		402209B327DFCC8200963282 /* ColorConverter.swift in Sources */ = {isa = PBXBuildFile; fileRef = 402209B227DFCC8200963282 /* ColorConverter.swift */; };
		402209B527DFDD3A00963282 /* TagCell.swift in Sources */ = {isa = PBXBuildFile; fileRef = 402209B427DFDD3A00963282 /* TagCell.swift */; };
		402209B727DFDD9A00963282 /* TagView.swift in Sources */ = {isa = PBXBuildFile; fileRef = 402209B627DFDD9A00963282 /* TagView.swift */; };
		402209B927E0023300963282 /* CreatedPostsControl.swift in Sources */ = {isa = PBXBuildFile; fileRef = 402209B827E0023300963282 /* CreatedPostsControl.swift */; };
		402209BB27E005BD00963282 /* RatedPostsControl.swift in Sources */ = {isa = PBXBuildFile; fileRef = 402209BA27E005BD00963282 /* RatedPostsControl.swift */; };
		402209BD27E006D800963282 /* RegisterViewController.swift in Sources */ = {isa = PBXBuildFile; fileRef = 402209BC27E006D800963282 /* RegisterViewController.swift */; };
		402209BF27E0099900963282 /* RegisterCommandDto.swift in Sources */ = {isa = PBXBuildFile; fileRef = 402209BE27E0099900963282 /* RegisterCommandDto.swift */; };
		402209C127E0124F00963282 /* VerificateCommandDto.swift in Sources */ = {isa = PBXBuildFile; fileRef = 402209C027E0124F00963282 /* VerificateCommandDto.swift */; };
		4051AFA627DE610700D8FEE5 /* LoginCommandDto.swift in Sources */ = {isa = PBXBuildFile; fileRef = 4051AFA527DE610700D8FEE5 /* LoginCommandDto.swift */; };
		40A5E42527DE1D6E0016DEA7 /* AppDelegate.swift in Sources */ = {isa = PBXBuildFile; fileRef = 40A5E42427DE1D6E0016DEA7 /* AppDelegate.swift */; };
		40A5E42727DE1D6E0016DEA7 /* SceneDelegate.swift in Sources */ = {isa = PBXBuildFile; fileRef = 40A5E42627DE1D6E0016DEA7 /* SceneDelegate.swift */; };
		40A5E42927DE1D6E0016DEA7 /* LoginViewController.swift in Sources */ = {isa = PBXBuildFile; fileRef = 40A5E42827DE1D6E0016DEA7 /* LoginViewController.swift */; };
		40A5E42E27DE1D6E0016DEA7 /* Assets.xcassets in Resources */ = {isa = PBXBuildFile; fileRef = 40A5E42D27DE1D6E0016DEA7 /* Assets.xcassets */; };
		40A5E43127DE1D6F0016DEA7 /* LaunchScreen.storyboard in Resources */ = {isa = PBXBuildFile; fileRef = 40A5E42F27DE1D6F0016DEA7 /* LaunchScreen.storyboard */; };
		40A5E43C27DE1D6F0016DEA7 /* SearchClothesIosTests.swift in Sources */ = {isa = PBXBuildFile; fileRef = 40A5E43B27DE1D6F0016DEA7 /* SearchClothesIosTests.swift */; };
		40A5E44727DE1D6F0016DEA7 /* SearchClothesIosUITests.swift in Sources */ = {isa = PBXBuildFile; fileRef = 40A5E44627DE1D6F0016DEA7 /* SearchClothesIosUITests.swift */; };
		40D6D65227E02E7B00E0F965 /* TagsControl.swift in Sources */ = {isa = PBXBuildFile; fileRef = 40D6D65127E02E7B00E0F965 /* TagsControl.swift */; };
		40D6D65527E0345B00E0F965 /* GetAllTagsCommandDto.swift in Sources */ = {isa = PBXBuildFile; fileRef = 40D6D65427E0345B00E0F965 /* GetAllTagsCommandDto.swift */; };
		40D6D65727E03D2300E0F965 /* CreateTagCommandDto.swift in Sources */ = {isa = PBXBuildFile; fileRef = 40D6D65627E03D2300E0F965 /* CreateTagCommandDto.swift */; };
		40D6D65A27E0459500E0F965 /* RatePostDto.swift in Sources */ = {isa = PBXBuildFile; fileRef = 40D6D65927E0459500E0F965 /* RatePostDto.swift */; };
		40D6D65C27E057B900E0F965 /* SearchMenuConrol.swift in Sources */ = {isa = PBXBuildFile; fileRef = 40D6D65B27E057B900E0F965 /* SearchMenuConrol.swift */; };
		58EF68005692F3D4C49A313E /* Pods_SearchClothesIos.framework in Frameworks */ = {isa = PBXBuildFile; fileRef = CECC0EEAB349B7F5F28D4EF5 /* Pods_SearchClothesIos.framework */; };
/* End PBXBuildFile section */

/* Begin PBXContainerItemProxy section */
		40A5E43827DE1D6F0016DEA7 /* PBXContainerItemProxy */ = {
			isa = PBXContainerItemProxy;
			containerPortal = 40A5E41927DE1D6E0016DEA7 /* Project object */;
			proxyType = 1;
			remoteGlobalIDString = 40A5E42027DE1D6E0016DEA7;
			remoteInfo = SearchClothesIos;
		};
		40A5E44327DE1D6F0016DEA7 /* PBXContainerItemProxy */ = {
			isa = PBXContainerItemProxy;
			containerPortal = 40A5E41927DE1D6E0016DEA7 /* Project object */;
			proxyType = 1;
			remoteGlobalIDString = 40A5E42027DE1D6E0016DEA7;
			remoteInfo = SearchClothesIos;
		};
/* End PBXContainerItemProxy section */

/* Begin PBXFileReference section */
		4022099F27DF723200963282 /* User.swift */ = {isa = PBXFileReference; lastKnownFileType = sourcecode.swift; path = User.swift; sourceTree = "<group>"; };
		402209A127DF7BC900963282 /* DataStorage.swift */ = {isa = PBXFileReference; lastKnownFileType = sourcecode.swift; path = DataStorage.swift; sourceTree = "<group>"; };
		402209A327DF7F1100963282 /* MainViewController.swift */ = {isa = PBXFileReference; lastKnownFileType = sourcecode.swift; path = MainViewController.swift; sourceTree = "<group>"; };
		402209A627DF86E500963282 /* SearchPostsControl.swift */ = {isa = PBXFileReference; lastKnownFileType = sourcecode.swift; path = SearchPostsControl.swift; sourceTree = "<group>"; };
		402209A927DF92CD00963282 /* GetPostsCommandDto.swift */ = {isa = PBXFileReference; lastKnownFileType = sourcecode.swift; path = GetPostsCommandDto.swift; sourceTree = "<group>"; };
		402209AB27DFB63000963282 /* PostCell.swift */ = {isa = PBXFileReference; lastKnownFileType = sourcecode.swift; path = PostCell.swift; sourceTree = "<group>"; };
		402209AD27DFB71700963282 /* PostView.swift */ = {isa = PBXFileReference; lastKnownFileType = sourcecode.swift; path = PostView.swift; sourceTree = "<group>"; };
		402209B027DFC2FC00963282 /* UIViewPin.swift */ = {isa = PBXFileReference; lastKnownFileType = sourcecode.swift; path = UIViewPin.swift; sourceTree = "<group>"; };
		402209B227DFCC8200963282 /* ColorConverter.swift */ = {isa = PBXFileReference; lastKnownFileType = sourcecode.swift; path = ColorConverter.swift; sourceTree = "<group>"; };
		402209B427DFDD3A00963282 /* TagCell.swift */ = {isa = PBXFileReference; lastKnownFileType = sourcecode.swift; path = TagCell.swift; sourceTree = "<group>"; };
		402209B627DFDD9A00963282 /* TagView.swift */ = {isa = PBXFileReference; lastKnownFileType = sourcecode.swift; path = TagView.swift; sourceTree = "<group>"; };
		402209B827E0023300963282 /* CreatedPostsControl.swift */ = {isa = PBXFileReference; lastKnownFileType = sourcecode.swift; path = CreatedPostsControl.swift; sourceTree = "<group>"; };
		402209BA27E005BD00963282 /* RatedPostsControl.swift */ = {isa = PBXFileReference; lastKnownFileType = sourcecode.swift; path = RatedPostsControl.swift; sourceTree = "<group>"; };
		402209BC27E006D800963282 /* RegisterViewController.swift */ = {isa = PBXFileReference; lastKnownFileType = sourcecode.swift; path = RegisterViewController.swift; sourceTree = "<group>"; };
		402209BE27E0099900963282 /* RegisterCommandDto.swift */ = {isa = PBXFileReference; lastKnownFileType = sourcecode.swift; path = RegisterCommandDto.swift; sourceTree = "<group>"; };
		402209C027E0124F00963282 /* VerificateCommandDto.swift */ = {isa = PBXFileReference; lastKnownFileType = sourcecode.swift; path = VerificateCommandDto.swift; sourceTree = "<group>"; };
		4051AFA527DE610700D8FEE5 /* LoginCommandDto.swift */ = {isa = PBXFileReference; lastKnownFileType = sourcecode.swift; path = LoginCommandDto.swift; sourceTree = "<group>"; };
		40A5E42127DE1D6E0016DEA7 /* SearchClothesIos.app */ = {isa = PBXFileReference; explicitFileType = wrapper.application; includeInIndex = 0; path = SearchClothesIos.app; sourceTree = BUILT_PRODUCTS_DIR; };
		40A5E42427DE1D6E0016DEA7 /* AppDelegate.swift */ = {isa = PBXFileReference; lastKnownFileType = sourcecode.swift; path = AppDelegate.swift; sourceTree = "<group>"; };
		40A5E42627DE1D6E0016DEA7 /* SceneDelegate.swift */ = {isa = PBXFileReference; lastKnownFileType = sourcecode.swift; path = SceneDelegate.swift; sourceTree = "<group>"; };
		40A5E42827DE1D6E0016DEA7 /* LoginViewController.swift */ = {isa = PBXFileReference; lastKnownFileType = sourcecode.swift; path = LoginViewController.swift; sourceTree = "<group>"; };
		40A5E42D27DE1D6E0016DEA7 /* Assets.xcassets */ = {isa = PBXFileReference; lastKnownFileType = folder.assetcatalog; path = Assets.xcassets; sourceTree = "<group>"; };
		40A5E43027DE1D6F0016DEA7 /* Base */ = {isa = PBXFileReference; lastKnownFileType = file.storyboard; name = Base; path = Base.lproj/LaunchScreen.storyboard; sourceTree = "<group>"; };
		40A5E43227DE1D6F0016DEA7 /* Info.plist */ = {isa = PBXFileReference; lastKnownFileType = text.plist.xml; path = Info.plist; sourceTree = "<group>"; };
		40A5E43727DE1D6F0016DEA7 /* SearchClothesIosTests.xctest */ = {isa = PBXFileReference; explicitFileType = wrapper.cfbundle; includeInIndex = 0; path = SearchClothesIosTests.xctest; sourceTree = BUILT_PRODUCTS_DIR; };
		40A5E43B27DE1D6F0016DEA7 /* SearchClothesIosTests.swift */ = {isa = PBXFileReference; lastKnownFileType = sourcecode.swift; path = SearchClothesIosTests.swift; sourceTree = "<group>"; };
		40A5E43D27DE1D6F0016DEA7 /* Info.plist */ = {isa = PBXFileReference; lastKnownFileType = text.plist.xml; path = Info.plist; sourceTree = "<group>"; };
		40A5E44227DE1D6F0016DEA7 /* SearchClothesIosUITests.xctest */ = {isa = PBXFileReference; explicitFileType = wrapper.cfbundle; includeInIndex = 0; path = SearchClothesIosUITests.xctest; sourceTree = BUILT_PRODUCTS_DIR; };
		40A5E44627DE1D6F0016DEA7 /* SearchClothesIosUITests.swift */ = {isa = PBXFileReference; lastKnownFileType = sourcecode.swift; path = SearchClothesIosUITests.swift; sourceTree = "<group>"; };
		40A5E44827DE1D6F0016DEA7 /* Info.plist */ = {isa = PBXFileReference; lastKnownFileType = text.plist.xml; path = Info.plist; sourceTree = "<group>"; };
		40D6D65127E02E7B00E0F965 /* TagsControl.swift */ = {isa = PBXFileReference; lastKnownFileType = sourcecode.swift; path = TagsControl.swift; sourceTree = "<group>"; };
		40D6D65427E0345B00E0F965 /* GetAllTagsCommandDto.swift */ = {isa = PBXFileReference; lastKnownFileType = sourcecode.swift; path = GetAllTagsCommandDto.swift; sourceTree = "<group>"; };
		40D6D65627E03D2300E0F965 /* CreateTagCommandDto.swift */ = {isa = PBXFileReference; lastKnownFileType = sourcecode.swift; path = CreateTagCommandDto.swift; sourceTree = "<group>"; };
		40D6D65927E0459500E0F965 /* RatePostDto.swift */ = {isa = PBXFileReference; lastKnownFileType = sourcecode.swift; path = RatePostDto.swift; sourceTree = "<group>"; };
		40D6D65B27E057B900E0F965 /* SearchMenuConrol.swift */ = {isa = PBXFileReference; lastKnownFileType = sourcecode.swift; path = SearchMenuConrol.swift; sourceTree = "<group>"; };
		7EE99D637DC31AA936246916 /* Pods-SearchClothesIos.debug.xcconfig */ = {isa = PBXFileReference; includeInIndex = 1; lastKnownFileType = text.xcconfig; name = "Pods-SearchClothesIos.debug.xcconfig"; path = "Target Support Files/Pods-SearchClothesIos/Pods-SearchClothesIos.debug.xcconfig"; sourceTree = "<group>"; };
		81CD817B9A704C5CF056F61A /* Pods-SearchClothesIos.release.xcconfig */ = {isa = PBXFileReference; includeInIndex = 1; lastKnownFileType = text.xcconfig; name = "Pods-SearchClothesIos.release.xcconfig"; path = "Target Support Files/Pods-SearchClothesIos/Pods-SearchClothesIos.release.xcconfig"; sourceTree = "<group>"; };
		CECC0EEAB349B7F5F28D4EF5 /* Pods_SearchClothesIos.framework */ = {isa = PBXFileReference; explicitFileType = wrapper.framework; includeInIndex = 0; path = Pods_SearchClothesIos.framework; sourceTree = BUILT_PRODUCTS_DIR; };
/* End PBXFileReference section */

/* Begin PBXFrameworksBuildPhase section */
		40A5E41E27DE1D6E0016DEA7 /* Frameworks */ = {
			isa = PBXFrameworksBuildPhase;
			buildActionMask = 2147483647;
			files = (
				4022099D27DF666300963282 /* SDWebImageSwiftUI in Frameworks */,
				4022099A27DF662200963282 /* SwiftyJSON in Frameworks */,
				58EF68005692F3D4C49A313E /* Pods_SearchClothesIos.framework in Frameworks */,
			);
			runOnlyForDeploymentPostprocessing = 0;
		};
		40A5E43427DE1D6F0016DEA7 /* Frameworks */ = {
			isa = PBXFrameworksBuildPhase;
			buildActionMask = 2147483647;
			files = (
			);
			runOnlyForDeploymentPostprocessing = 0;
		};
		40A5E43F27DE1D6F0016DEA7 /* Frameworks */ = {
			isa = PBXFrameworksBuildPhase;
			buildActionMask = 2147483647;
			files = (
			);
			runOnlyForDeploymentPostprocessing = 0;
		};
/* End PBXFrameworksBuildPhase section */

/* Begin PBXGroup section */
		4022099E27DF721500963282 /* Models */ = {
			isa = PBXGroup;
			children = (
				4022099F27DF723200963282 /* User.swift */,
				402209A127DF7BC900963282 /* DataStorage.swift */,
			);
			name = Models;
			path = SearchClothesIos/Models;
			sourceTree = SOURCE_ROOT;
		};
		402209A527DF86BB00963282 /* Controls */ = {
			isa = PBXGroup;
			children = (
				402209A627DF86E500963282 /* SearchPostsControl.swift */,
				402209AB27DFB63000963282 /* PostCell.swift */,
				402209AD27DFB71700963282 /* PostView.swift */,
				402209B427DFDD3A00963282 /* TagCell.swift */,
				402209B627DFDD9A00963282 /* TagView.swift */,
				402209B827E0023300963282 /* CreatedPostsControl.swift */,
				402209BA27E005BD00963282 /* RatedPostsControl.swift */,
				40D6D65127E02E7B00E0F965 /* TagsControl.swift */,
				40D6D65B27E057B900E0F965 /* SearchMenuConrol.swift */,
			);
			path = Controls;
			sourceTree = "<group>";
		};
		402209A827DF928100963282 /* FindPost */ = {
			isa = PBXGroup;
			children = (
				402209A927DF92CD00963282 /* GetPostsCommandDto.swift */,
			);
			name = FindPost;
			path = SearchClothesIos/Jsons/FindPost;
			sourceTree = SOURCE_ROOT;
		};
		402209AF27DFC2E200963282 /* UIServices */ = {
			isa = PBXGroup;
			children = (
				402209B027DFC2FC00963282 /* UIViewPin.swift */,
				402209B227DFCC8200963282 /* ColorConverter.swift */,
			);
			name = UIServices;
			path = SearchClothesIos/UIServices;
			sourceTree = SOURCE_ROOT;
		};
		4051AFA327DE60B500D8FEE5 /* Jsons */ = {
			isa = PBXGroup;
			children = (
				40D6D65827E0457500E0F965 /* Posts */,
				40D6D65327E0343000E0F965 /* Tags */,
				402209A827DF928100963282 /* FindPost */,
				4051AFA427DE60C300D8FEE5 /* Authentication */,
			);
			name = Jsons;
			path = SearchClothesIos/Jsons;
			sourceTree = SOURCE_ROOT;
		};
		4051AFA427DE60C300D8FEE5 /* Authentication */ = {
			isa = PBXGroup;
			children = (
				4051AFA527DE610700D8FEE5 /* LoginCommandDto.swift */,
				402209BE27E0099900963282 /* RegisterCommandDto.swift */,
				402209C027E0124F00963282 /* VerificateCommandDto.swift */,
			);
			name = Authentication;
			path = SearchClothesIos/Jsons/Authentication;
			sourceTree = SOURCE_ROOT;
		};
		40A5E41827DE1D6E0016DEA7 = {
			isa = PBXGroup;
			children = (
				40A5E42327DE1D6E0016DEA7 /* SearchClothesIos */,
				40A5E43A27DE1D6F0016DEA7 /* SearchClothesIosTests */,
				40A5E44527DE1D6F0016DEA7 /* SearchClothesIosUITests */,
				40A5E42227DE1D6E0016DEA7 /* Products */,
				49DBE82EF10AA2B86E249F3F /* Pods */,
				4A664670E1D8FAFBC789582B /* Frameworks */,
			);
			sourceTree = "<group>";
		};
		40A5E42227DE1D6E0016DEA7 /* Products */ = {
			isa = PBXGroup;
			children = (
				40A5E42127DE1D6E0016DEA7 /* SearchClothesIos.app */,
				40A5E43727DE1D6F0016DEA7 /* SearchClothesIosTests.xctest */,
				40A5E44227DE1D6F0016DEA7 /* SearchClothesIosUITests.xctest */,
			);
			name = Products;
			sourceTree = "<group>";
		};
		40A5E42327DE1D6E0016DEA7 /* SearchClothesIos */ = {
			isa = PBXGroup;
			children = (
				402209AF27DFC2E200963282 /* UIServices */,
				402209A527DF86BB00963282 /* Controls */,
				4022099E27DF721500963282 /* Models */,
				4051AFA327DE60B500D8FEE5 /* Jsons */,
				40A5E45627DE26040016DEA7 /* Controllers */,
				40A5E42427DE1D6E0016DEA7 /* AppDelegate.swift */,
				40A5E42627DE1D6E0016DEA7 /* SceneDelegate.swift */,
				40A5E42D27DE1D6E0016DEA7 /* Assets.xcassets */,
				40A5E42F27DE1D6F0016DEA7 /* LaunchScreen.storyboard */,
				40A5E43227DE1D6F0016DEA7 /* Info.plist */,
			);
			path = SearchClothesIos;
			sourceTree = "<group>";
		};
		40A5E43A27DE1D6F0016DEA7 /* SearchClothesIosTests */ = {
			isa = PBXGroup;
			children = (
				40A5E43B27DE1D6F0016DEA7 /* SearchClothesIosTests.swift */,
				40A5E43D27DE1D6F0016DEA7 /* Info.plist */,
			);
			path = SearchClothesIosTests;
			sourceTree = "<group>";
		};
		40A5E44527DE1D6F0016DEA7 /* SearchClothesIosUITests */ = {
			isa = PBXGroup;
			children = (
				40A5E44627DE1D6F0016DEA7 /* SearchClothesIosUITests.swift */,
				40A5E44827DE1D6F0016DEA7 /* Info.plist */,
			);
			path = SearchClothesIosUITests;
			sourceTree = "<group>";
		};
		40A5E45627DE26040016DEA7 /* Controllers */ = {
			isa = PBXGroup;
			children = (
				40A5E42827DE1D6E0016DEA7 /* LoginViewController.swift */,
				402209A327DF7F1100963282 /* MainViewController.swift */,
				402209BC27E006D800963282 /* RegisterViewController.swift */,
			);
			name = Controllers;
			path = SearchClothesIos/Controllers;
			sourceTree = SOURCE_ROOT;
		};
		40D6D65327E0343000E0F965 /* Tags */ = {
			isa = PBXGroup;
			children = (
				40D6D65427E0345B00E0F965 /* GetAllTagsCommandDto.swift */,
				40D6D65627E03D2300E0F965 /* CreateTagCommandDto.swift */,
			);
			name = Tags;
			path = SearchClothesIos/Jsons/Tags;
			sourceTree = SOURCE_ROOT;
		};
		40D6D65827E0457500E0F965 /* Posts */ = {
			isa = PBXGroup;
			children = (
				40D6D65927E0459500E0F965 /* RatePostDto.swift */,
			);
			name = Posts;
			path = SearchClothesIos/Jsons/Posts;
			sourceTree = SOURCE_ROOT;
		};
		49DBE82EF10AA2B86E249F3F /* Pods */ = {
			isa = PBXGroup;
			children = (
				7EE99D637DC31AA936246916 /* Pods-SearchClothesIos.debug.xcconfig */,
				81CD817B9A704C5CF056F61A /* Pods-SearchClothesIos.release.xcconfig */,
			);
			path = Pods;
			sourceTree = "<group>";
		};
		4A664670E1D8FAFBC789582B /* Frameworks */ = {
			isa = PBXGroup;
			children = (
				CECC0EEAB349B7F5F28D4EF5 /* Pods_SearchClothesIos.framework */,
			);
			name = Frameworks;
			sourceTree = "<group>";
		};
/* End PBXGroup section */

/* Begin PBXNativeTarget section */
		40A5E42027DE1D6E0016DEA7 /* SearchClothesIos */ = {
			isa = PBXNativeTarget;
			buildConfigurationList = 40A5E44B27DE1D6F0016DEA7 /* Build configuration list for PBXNativeTarget "SearchClothesIos" */;
			buildPhases = (
				EE6965A4B25BB1B8A0D1495F /* [CP] Check Pods Manifest.lock */,
				40A5E41D27DE1D6E0016DEA7 /* Sources */,
				40A5E41E27DE1D6E0016DEA7 /* Frameworks */,
				40A5E41F27DE1D6E0016DEA7 /* Resources */,
				4A9BAE7434DA2846151BA0D5 /* [CP] Embed Pods Frameworks */,
			);
			buildRules = (
			);
			dependencies = (
			);
			name = SearchClothesIos;
			packageProductDependencies = (
				4022099927DF662200963282 /* SwiftyJSON */,
				4022099C27DF666300963282 /* SDWebImageSwiftUI */,
			);
			productName = SearchClothesIos;
			productReference = 40A5E42127DE1D6E0016DEA7 /* SearchClothesIos.app */;
			productType = "com.apple.product-type.application";
		};
		40A5E43627DE1D6F0016DEA7 /* SearchClothesIosTests */ = {
			isa = PBXNativeTarget;
			buildConfigurationList = 40A5E44E27DE1D6F0016DEA7 /* Build configuration list for PBXNativeTarget "SearchClothesIosTests" */;
			buildPhases = (
				40A5E43327DE1D6F0016DEA7 /* Sources */,
				40A5E43427DE1D6F0016DEA7 /* Frameworks */,
				40A5E43527DE1D6F0016DEA7 /* Resources */,
			);
			buildRules = (
			);
			dependencies = (
				40A5E43927DE1D6F0016DEA7 /* PBXTargetDependency */,
			);
			name = SearchClothesIosTests;
			productName = SearchClothesIosTests;
			productReference = 40A5E43727DE1D6F0016DEA7 /* SearchClothesIosTests.xctest */;
			productType = "com.apple.product-type.bundle.unit-test";
		};
		40A5E44127DE1D6F0016DEA7 /* SearchClothesIosUITests */ = {
			isa = PBXNativeTarget;
			buildConfigurationList = 40A5E45127DE1D6F0016DEA7 /* Build configuration list for PBXNativeTarget "SearchClothesIosUITests" */;
			buildPhases = (
				40A5E43E27DE1D6F0016DEA7 /* Sources */,
				40A5E43F27DE1D6F0016DEA7 /* Frameworks */,
				40A5E44027DE1D6F0016DEA7 /* Resources */,
			);
			buildRules = (
			);
			dependencies = (
				40A5E44427DE1D6F0016DEA7 /* PBXTargetDependency */,
			);
			name = SearchClothesIosUITests;
			productName = SearchClothesIosUITests;
			productReference = 40A5E44227DE1D6F0016DEA7 /* SearchClothesIosUITests.xctest */;
			productType = "com.apple.product-type.bundle.ui-testing";
		};
/* End PBXNativeTarget section */

/* Begin PBXProject section */
		40A5E41927DE1D6E0016DEA7 /* Project object */ = {
			isa = PBXProject;
			attributes = {
				LastSwiftUpdateCheck = 1250;
				LastUpgradeCheck = 1250;
				TargetAttributes = {
					40A5E42027DE1D6E0016DEA7 = {
						CreatedOnToolsVersion = 12.5.1;
					};
					40A5E43627DE1D6F0016DEA7 = {
						CreatedOnToolsVersion = 12.5.1;
						TestTargetID = 40A5E42027DE1D6E0016DEA7;
					};
					40A5E44127DE1D6F0016DEA7 = {
						CreatedOnToolsVersion = 12.5.1;
						TestTargetID = 40A5E42027DE1D6E0016DEA7;
					};
				};
			};
			buildConfigurationList = 40A5E41C27DE1D6E0016DEA7 /* Build configuration list for PBXProject "SearchClothesIos" */;
			compatibilityVersion = "Xcode 9.3";
			developmentRegion = en;
			hasScannedForEncodings = 0;
			knownRegions = (
				en,
				Base,
			);
			mainGroup = 40A5E41827DE1D6E0016DEA7;
			packageReferences = (
				4022099827DF662200963282 /* XCRemoteSwiftPackageReference "SwiftyJSON" */,
				4022099B27DF666300963282 /* XCRemoteSwiftPackageReference "SDWebImageSwiftUI" */,
			);
			productRefGroup = 40A5E42227DE1D6E0016DEA7 /* Products */;
			projectDirPath = "";
			projectRoot = "";
			targets = (
				40A5E42027DE1D6E0016DEA7 /* SearchClothesIos */,
				40A5E43627DE1D6F0016DEA7 /* SearchClothesIosTests */,
				40A5E44127DE1D6F0016DEA7 /* SearchClothesIosUITests */,
			);
		};
/* End PBXProject section */

/* Begin PBXResourcesBuildPhase section */
		40A5E41F27DE1D6E0016DEA7 /* Resources */ = {
			isa = PBXResourcesBuildPhase;
			buildActionMask = 2147483647;
			files = (
				40A5E43127DE1D6F0016DEA7 /* LaunchScreen.storyboard in Resources */,
				40A5E42E27DE1D6E0016DEA7 /* Assets.xcassets in Resources */,
			);
			runOnlyForDeploymentPostprocessing = 0;
		};
		40A5E43527DE1D6F0016DEA7 /* Resources */ = {
			isa = PBXResourcesBuildPhase;
			buildActionMask = 2147483647;
			files = (
			);
			runOnlyForDeploymentPostprocessing = 0;
		};
		40A5E44027DE1D6F0016DEA7 /* Resources */ = {
			isa = PBXResourcesBuildPhase;
			buildActionMask = 2147483647;
			files = (
			);
			runOnlyForDeploymentPostprocessing = 0;
		};
/* End PBXResourcesBuildPhase section */

/* Begin PBXShellScriptBuildPhase section */
		4A9BAE7434DA2846151BA0D5 /* [CP] Embed Pods Frameworks */ = {
			isa = PBXShellScriptBuildPhase;
			buildActionMask = 2147483647;
			files = (
			);
			inputFileListPaths = (
				"${PODS_ROOT}/Target Support Files/Pods-SearchClothesIos/Pods-SearchClothesIos-frameworks-${CONFIGURATION}-input-files.xcfilelist",
			);
			name = "[CP] Embed Pods Frameworks";
			outputFileListPaths = (
				"${PODS_ROOT}/Target Support Files/Pods-SearchClothesIos/Pods-SearchClothesIos-frameworks-${CONFIGURATION}-output-files.xcfilelist",
			);
			runOnlyForDeploymentPostprocessing = 0;
			shellPath = /bin/sh;
			shellScript = "\"${PODS_ROOT}/Target Support Files/Pods-SearchClothesIos/Pods-SearchClothesIos-frameworks.sh\"\n";
			showEnvVarsInLog = 0;
		};
		EE6965A4B25BB1B8A0D1495F /* [CP] Check Pods Manifest.lock */ = {
			isa = PBXShellScriptBuildPhase;
			buildActionMask = 2147483647;
			files = (
			);
			inputFileListPaths = (
			);
			inputPaths = (
				"${PODS_PODFILE_DIR_PATH}/Podfile.lock",
				"${PODS_ROOT}/Manifest.lock",
			);
			name = "[CP] Check Pods Manifest.lock";
			outputFileListPaths = (
			);
			outputPaths = (
				"$(DERIVED_FILE_DIR)/Pods-SearchClothesIos-checkManifestLockResult.txt",
			);
			runOnlyForDeploymentPostprocessing = 0;
			shellPath = /bin/sh;
			shellScript = "diff \"${PODS_PODFILE_DIR_PATH}/Podfile.lock\" \"${PODS_ROOT}/Manifest.lock\" > /dev/null\nif [ $? != 0 ] ; then\n    # print error to STDERR\n    echo \"error: The sandbox is not in sync with the Podfile.lock. Run 'pod install' or update your CocoaPods installation.\" >&2\n    exit 1\nfi\n# This output is used by Xcode 'outputs' to avoid re-running this script phase.\necho \"SUCCESS\" > \"${SCRIPT_OUTPUT_FILE_0}\"\n";
			showEnvVarsInLog = 0;
		};
/* End PBXShellScriptBuildPhase section */

/* Begin PBXSourcesBuildPhase section */
		40A5E41D27DE1D6E0016DEA7 /* Sources */ = {
			isa = PBXSourcesBuildPhase;
			buildActionMask = 2147483647;
			files = (
				40D6D65227E02E7B00E0F965 /* TagsControl.swift in Sources */,
				402209B527DFDD3A00963282 /* TagCell.swift in Sources */,
				402209AE27DFB71700963282 /* PostView.swift in Sources */,
				40D6D65527E0345B00E0F965 /* GetAllTagsCommandDto.swift in Sources */,
				40D6D65727E03D2300E0F965 /* CreateTagCommandDto.swift in Sources */,
				402209B327DFCC8200963282 /* ColorConverter.swift in Sources */,
				402209A027DF723200963282 /* User.swift in Sources */,
				402209AC27DFB63000963282 /* PostCell.swift in Sources */,
				402209BB27E005BD00963282 /* RatedPostsControl.swift in Sources */,
				402209A427DF7F1100963282 /* MainViewController.swift in Sources */,
				402209B927E0023300963282 /* CreatedPostsControl.swift in Sources */,
				402209BF27E0099900963282 /* RegisterCommandDto.swift in Sources */,
				402209C127E0124F00963282 /* VerificateCommandDto.swift in Sources */,
				402209AA27DF92CD00963282 /* GetPostsCommandDto.swift in Sources */,
				402209BD27E006D800963282 /* RegisterViewController.swift in Sources */,
				40D6D65C27E057B900E0F965 /* SearchMenuConrol.swift in Sources */,
				40A5E42927DE1D6E0016DEA7 /* LoginViewController.swift in Sources */,
				402209B127DFC2FC00963282 /* UIViewPin.swift in Sources */,
				402209A727DF86E500963282 /* SearchPostsControl.swift in Sources */,
				4051AFA627DE610700D8FEE5 /* LoginCommandDto.swift in Sources */,
				402209B727DFDD9A00963282 /* TagView.swift in Sources */,
				402209A227DF7BC900963282 /* DataStorage.swift in Sources */,
				40D6D65A27E0459500E0F965 /* RatePostDto.swift in Sources */,
				40A5E42527DE1D6E0016DEA7 /* AppDelegate.swift in Sources */,
				40A5E42727DE1D6E0016DEA7 /* SceneDelegate.swift in Sources */,
			);
			runOnlyForDeploymentPostprocessing = 0;
		};
		40A5E43327DE1D6F0016DEA7 /* Sources */ = {
			isa = PBXSourcesBuildPhase;
			buildActionMask = 2147483647;
			files = (
				40A5E43C27DE1D6F0016DEA7 /* SearchClothesIosTests.swift in Sources */,
			);
			runOnlyForDeploymentPostprocessing = 0;
		};
		40A5E43E27DE1D6F0016DEA7 /* Sources */ = {
			isa = PBXSourcesBuildPhase;
			buildActionMask = 2147483647;
			files = (
				40A5E44727DE1D6F0016DEA7 /* SearchClothesIosUITests.swift in Sources */,
			);
			runOnlyForDeploymentPostprocessing = 0;
		};
/* End PBXSourcesBuildPhase section */

/* Begin PBXTargetDependency section */
		40A5E43927DE1D6F0016DEA7 /* PBXTargetDependency */ = {
			isa = PBXTargetDependency;
			target = 40A5E42027DE1D6E0016DEA7 /* SearchClothesIos */;
			targetProxy = 40A5E43827DE1D6F0016DEA7 /* PBXContainerItemProxy */;
		};
		40A5E44427DE1D6F0016DEA7 /* PBXTargetDependency */ = {
			isa = PBXTargetDependency;
			target = 40A5E42027DE1D6E0016DEA7 /* SearchClothesIos */;
			targetProxy = 40A5E44327DE1D6F0016DEA7 /* PBXContainerItemProxy */;
		};
/* End PBXTargetDependency section */

/* Begin PBXVariantGroup section */
		40A5E42F27DE1D6F0016DEA7 /* LaunchScreen.storyboard */ = {
			isa = PBXVariantGroup;
			children = (
				40A5E43027DE1D6F0016DEA7 /* Base */,
			);
			name = LaunchScreen.storyboard;
			sourceTree = "<group>";
		};
/* End PBXVariantGroup section */

/* Begin XCBuildConfiguration section */
		40A5E44927DE1D6F0016DEA7 /* Debug */ = {
			isa = XCBuildConfiguration;
			buildSettings = {
				ALWAYS_SEARCH_USER_PATHS = NO;
				CLANG_ANALYZER_NONNULL = YES;
				CLANG_ANALYZER_NUMBER_OBJECT_CONVERSION = YES_AGGRESSIVE;
				CLANG_CXX_LANGUAGE_STANDARD = "gnu++14";
				CLANG_CXX_LIBRARY = "libc++";
				CLANG_ENABLE_MODULES = YES;
				CLANG_ENABLE_OBJC_ARC = YES;
				CLANG_ENABLE_OBJC_WEAK = YES;
				CLANG_WARN_BLOCK_CAPTURE_AUTORELEASING = YES;
				CLANG_WARN_BOOL_CONVERSION = YES;
				CLANG_WARN_COMMA = YES;
				CLANG_WARN_CONSTANT_CONVERSION = YES;
				CLANG_WARN_DEPRECATED_OBJC_IMPLEMENTATIONS = YES;
				CLANG_WARN_DIRECT_OBJC_ISA_USAGE = YES_ERROR;
				CLANG_WARN_DOCUMENTATION_COMMENTS = YES;
				CLANG_WARN_EMPTY_BODY = YES;
				CLANG_WARN_ENUM_CONVERSION = YES;
				CLANG_WARN_INFINITE_RECURSION = YES;
				CLANG_WARN_INT_CONVERSION = YES;
				CLANG_WARN_NON_LITERAL_NULL_CONVERSION = YES;
				CLANG_WARN_OBJC_IMPLICIT_RETAIN_SELF = YES;
				CLANG_WARN_OBJC_LITERAL_CONVERSION = YES;
				CLANG_WARN_OBJC_ROOT_CLASS = YES_ERROR;
				CLANG_WARN_QUOTED_INCLUDE_IN_FRAMEWORK_HEADER = YES;
				CLANG_WARN_RANGE_LOOP_ANALYSIS = YES;
				CLANG_WARN_STRICT_PROTOTYPES = YES;
				CLANG_WARN_SUSPICIOUS_MOVE = YES;
				CLANG_WARN_UNGUARDED_AVAILABILITY = YES_AGGRESSIVE;
				CLANG_WARN_UNREACHABLE_CODE = YES;
				CLANG_WARN__DUPLICATE_METHOD_MATCH = YES;
				COPY_PHASE_STRIP = NO;
				DEBUG_INFORMATION_FORMAT = dwarf;
				ENABLE_STRICT_OBJC_MSGSEND = YES;
				ENABLE_TESTABILITY = YES;
				GCC_C_LANGUAGE_STANDARD = gnu11;
				GCC_DYNAMIC_NO_PIC = NO;
				GCC_NO_COMMON_BLOCKS = YES;
				GCC_OPTIMIZATION_LEVEL = 0;
				GCC_PREPROCESSOR_DEFINITIONS = (
					"DEBUG=1",
					"$(inherited)",
				);
				GCC_WARN_64_TO_32_BIT_CONVERSION = YES;
				GCC_WARN_ABOUT_RETURN_TYPE = YES_ERROR;
				GCC_WARN_UNDECLARED_SELECTOR = YES;
				GCC_WARN_UNINITIALIZED_AUTOS = YES_AGGRESSIVE;
				GCC_WARN_UNUSED_FUNCTION = YES;
				GCC_WARN_UNUSED_VARIABLE = YES;
				IPHONEOS_DEPLOYMENT_TARGET = 14.5;
				MTL_ENABLE_DEBUG_INFO = INCLUDE_SOURCE;
				MTL_FAST_MATH = YES;
				ONLY_ACTIVE_ARCH = YES;
				SDKROOT = iphoneos;
				SWIFT_ACTIVE_COMPILATION_CONDITIONS = DEBUG;
				SWIFT_OPTIMIZATION_LEVEL = "-Onone";
			};
			name = Debug;
		};
		40A5E44A27DE1D6F0016DEA7 /* Release */ = {
			isa = XCBuildConfiguration;
			buildSettings = {
				ALWAYS_SEARCH_USER_PATHS = NO;
				CLANG_ANALYZER_NONNULL = YES;
				CLANG_ANALYZER_NUMBER_OBJECT_CONVERSION = YES_AGGRESSIVE;
				CLANG_CXX_LANGUAGE_STANDARD = "gnu++14";
				CLANG_CXX_LIBRARY = "libc++";
				CLANG_ENABLE_MODULES = YES;
				CLANG_ENABLE_OBJC_ARC = YES;
				CLANG_ENABLE_OBJC_WEAK = YES;
				CLANG_WARN_BLOCK_CAPTURE_AUTORELEASING = YES;
				CLANG_WARN_BOOL_CONVERSION = YES;
				CLANG_WARN_COMMA = YES;
				CLANG_WARN_CONSTANT_CONVERSION = YES;
				CLANG_WARN_DEPRECATED_OBJC_IMPLEMENTATIONS = YES;
				CLANG_WARN_DIRECT_OBJC_ISA_USAGE = YES_ERROR;
				CLANG_WARN_DOCUMENTATION_COMMENTS = YES;
				CLANG_WARN_EMPTY_BODY = YES;
				CLANG_WARN_ENUM_CONVERSION = YES;
				CLANG_WARN_INFINITE_RECURSION = YES;
				CLANG_WARN_INT_CONVERSION = YES;
				CLANG_WARN_NON_LITERAL_NULL_CONVERSION = YES;
				CLANG_WARN_OBJC_IMPLICIT_RETAIN_SELF = YES;
				CLANG_WARN_OBJC_LITERAL_CONVERSION = YES;
				CLANG_WARN_OBJC_ROOT_CLASS = YES_ERROR;
				CLANG_WARN_QUOTED_INCLUDE_IN_FRAMEWORK_HEADER = YES;
				CLANG_WARN_RANGE_LOOP_ANALYSIS = YES;
				CLANG_WARN_STRICT_PROTOTYPES = YES;
				CLANG_WARN_SUSPICIOUS_MOVE = YES;
				CLANG_WARN_UNGUARDED_AVAILABILITY = YES_AGGRESSIVE;
				CLANG_WARN_UNREACHABLE_CODE = YES;
				CLANG_WARN__DUPLICATE_METHOD_MATCH = YES;
				COPY_PHASE_STRIP = NO;
				DEBUG_INFORMATION_FORMAT = "dwarf-with-dsym";
				ENABLE_NS_ASSERTIONS = NO;
				ENABLE_STRICT_OBJC_MSGSEND = YES;
				GCC_C_LANGUAGE_STANDARD = gnu11;
				GCC_NO_COMMON_BLOCKS = YES;
				GCC_WARN_64_TO_32_BIT_CONVERSION = YES;
				GCC_WARN_ABOUT_RETURN_TYPE = YES_ERROR;
				GCC_WARN_UNDECLARED_SELECTOR = YES;
				GCC_WARN_UNINITIALIZED_AUTOS = YES_AGGRESSIVE;
				GCC_WARN_UNUSED_FUNCTION = YES;
				GCC_WARN_UNUSED_VARIABLE = YES;
				IPHONEOS_DEPLOYMENT_TARGET = 14.5;
				MTL_ENABLE_DEBUG_INFO = NO;
				MTL_FAST_MATH = YES;
				SDKROOT = iphoneos;
				SWIFT_COMPILATION_MODE = wholemodule;
				SWIFT_OPTIMIZATION_LEVEL = "-O";
				VALIDATE_PRODUCT = YES;
			};
			name = Release;
		};
		40A5E44C27DE1D6F0016DEA7 /* Debug */ = {
			isa = XCBuildConfiguration;
			baseConfigurationReference = 7EE99D637DC31AA936246916 /* Pods-SearchClothesIos.debug.xcconfig */;
			buildSettings = {
				ASSETCATALOG_COMPILER_APPICON_NAME = AppIcon;
				ASSETCATALOG_COMPILER_GLOBAL_ACCENT_COLOR_NAME = AccentColor;
				CODE_SIGN_STYLE = Automatic;
				DEVELOPMENT_TEAM = D96GWN8TVY;
				INFOPLIST_FILE = SearchClothesIos/Info.plist;
				LD_RUNPATH_SEARCH_PATHS = (
					"$(inherited)",
					"@executable_path/Frameworks",
				);
				PRODUCT_BUNDLE_IDENTIFIER = HSE.SearchClothesIos;
				PRODUCT_NAME = "$(TARGET_NAME)";
				SWIFT_VERSION = 5.0;
				TARGETED_DEVICE_FAMILY = "1,2";
			};
			name = Debug;
		};
		40A5E44D27DE1D6F0016DEA7 /* Release */ = {
			isa = XCBuildConfiguration;
			baseConfigurationReference = 81CD817B9A704C5CF056F61A /* Pods-SearchClothesIos.release.xcconfig */;
			buildSettings = {
				ASSETCATALOG_COMPILER_APPICON_NAME = AppIcon;
				ASSETCATALOG_COMPILER_GLOBAL_ACCENT_COLOR_NAME = AccentColor;
				CODE_SIGN_STYLE = Automatic;
				DEVELOPMENT_TEAM = D96GWN8TVY;
				INFOPLIST_FILE = SearchClothesIos/Info.plist;
				LD_RUNPATH_SEARCH_PATHS = (
					"$(inherited)",
					"@executable_path/Frameworks",
				);
				PRODUCT_BUNDLE_IDENTIFIER = HSE.SearchClothesIos;
				PRODUCT_NAME = "$(TARGET_NAME)";
				SWIFT_VERSION = 5.0;
				TARGETED_DEVICE_FAMILY = "1,2";
			};
			name = Release;
		};
		40A5E44F27DE1D6F0016DEA7 /* Debug */ = {
			isa = XCBuildConfiguration;
			buildSettings = {
				ALWAYS_EMBED_SWIFT_STANDARD_LIBRARIES = YES;
				BUNDLE_LOADER = "$(TEST_HOST)";
				CODE_SIGN_STYLE = Automatic;
				DEVELOPMENT_TEAM = D96GWN8TVY;
				INFOPLIST_FILE = SearchClothesIosTests/Info.plist;
				IPHONEOS_DEPLOYMENT_TARGET = 14.5;
				LD_RUNPATH_SEARCH_PATHS = (
					"$(inherited)",
					"@executable_path/Frameworks",
					"@loader_path/Frameworks",
				);
				PRODUCT_BUNDLE_IDENTIFIER = HSE.SearchClothesIosTests;
				PRODUCT_NAME = "$(TARGET_NAME)";
				SWIFT_VERSION = 5.0;
				TARGETED_DEVICE_FAMILY = "1,2";
				TEST_HOST = "$(BUILT_PRODUCTS_DIR)/SearchClothesIos.app/SearchClothesIos";
			};
			name = Debug;
		};
		40A5E45027DE1D6F0016DEA7 /* Release */ = {
			isa = XCBuildConfiguration;
			buildSettings = {
				ALWAYS_EMBED_SWIFT_STANDARD_LIBRARIES = YES;
				BUNDLE_LOADER = "$(TEST_HOST)";
				CODE_SIGN_STYLE = Automatic;
				DEVELOPMENT_TEAM = D96GWN8TVY;
				INFOPLIST_FILE = SearchClothesIosTests/Info.plist;
				IPHONEOS_DEPLOYMENT_TARGET = 14.5;
				LD_RUNPATH_SEARCH_PATHS = (
					"$(inherited)",
					"@executable_path/Frameworks",
					"@loader_path/Frameworks",
				);
				PRODUCT_BUNDLE_IDENTIFIER = HSE.SearchClothesIosTests;
				PRODUCT_NAME = "$(TARGET_NAME)";
				SWIFT_VERSION = 5.0;
				TARGETED_DEVICE_FAMILY = "1,2";
				TEST_HOST = "$(BUILT_PRODUCTS_DIR)/SearchClothesIos.app/SearchClothesIos";
			};
			name = Release;
		};
		40A5E45227DE1D6F0016DEA7 /* Debug */ = {
			isa = XCBuildConfiguration;
			buildSettings = {
				ALWAYS_EMBED_SWIFT_STANDARD_LIBRARIES = YES;
				CODE_SIGN_STYLE = Automatic;
				DEVELOPMENT_TEAM = D96GWN8TVY;
				INFOPLIST_FILE = SearchClothesIosUITests/Info.plist;
				LD_RUNPATH_SEARCH_PATHS = (
					"$(inherited)",
					"@executable_path/Frameworks",
					"@loader_path/Frameworks",
				);
				PRODUCT_BUNDLE_IDENTIFIER = HSE.SearchClothesIosUITests;
				PRODUCT_NAME = "$(TARGET_NAME)";
				SWIFT_VERSION = 5.0;
				TARGETED_DEVICE_FAMILY = "1,2";
				TEST_TARGET_NAME = SearchClothesIos;
			};
			name = Debug;
		};
		40A5E45327DE1D6F0016DEA7 /* Release */ = {
			isa = XCBuildConfiguration;
			buildSettings = {
				ALWAYS_EMBED_SWIFT_STANDARD_LIBRARIES = YES;
				CODE_SIGN_STYLE = Automatic;
				DEVELOPMENT_TEAM = D96GWN8TVY;
				INFOPLIST_FILE = SearchClothesIosUITests/Info.plist;
				LD_RUNPATH_SEARCH_PATHS = (
					"$(inherited)",
					"@executable_path/Frameworks",
					"@loader_path/Frameworks",
				);
				PRODUCT_BUNDLE_IDENTIFIER = HSE.SearchClothesIosUITests;
				PRODUCT_NAME = "$(TARGET_NAME)";
				SWIFT_VERSION = 5.0;
				TARGETED_DEVICE_FAMILY = "1,2";
				TEST_TARGET_NAME = SearchClothesIos;
			};
			name = Release;
		};
/* End XCBuildConfiguration section */

/* Begin XCConfigurationList section */
		40A5E41C27DE1D6E0016DEA7 /* Build configuration list for PBXProject "SearchClothesIos" */ = {
			isa = XCConfigurationList;
			buildConfigurations = (
				40A5E44927DE1D6F0016DEA7 /* Debug */,
				40A5E44A27DE1D6F0016DEA7 /* Release */,
			);
			defaultConfigurationIsVisible = 0;
			defaultConfigurationName = Release;
		};
		40A5E44B27DE1D6F0016DEA7 /* Build configuration list for PBXNativeTarget "SearchClothesIos" */ = {
			isa = XCConfigurationList;
			buildConfigurations = (
				40A5E44C27DE1D6F0016DEA7 /* Debug */,
				40A5E44D27DE1D6F0016DEA7 /* Release */,
			);
			defaultConfigurationIsVisible = 0;
			defaultConfigurationName = Release;
		};
		40A5E44E27DE1D6F0016DEA7 /* Build configuration list for PBXNativeTarget "SearchClothesIosTests" */ = {
			isa = XCConfigurationList;
			buildConfigurations = (
				40A5E44F27DE1D6F0016DEA7 /* Debug */,
				40A5E45027DE1D6F0016DEA7 /* Release */,
			);
			defaultConfigurationIsVisible = 0;
			defaultConfigurationName = Release;
		};
		40A5E45127DE1D6F0016DEA7 /* Build configuration list for PBXNativeTarget "SearchClothesIosUITests" */ = {
			isa = XCConfigurationList;
			buildConfigurations = (
				40A5E45227DE1D6F0016DEA7 /* Debug */,
				40A5E45327DE1D6F0016DEA7 /* Release */,
			);
			defaultConfigurationIsVisible = 0;
			defaultConfigurationName = Release;
		};
/* End XCConfigurationList section */

/* Begin XCRemoteSwiftPackageReference section */
		4022099827DF662200963282 /* XCRemoteSwiftPackageReference "SwiftyJSON" */ = {
			isa = XCRemoteSwiftPackageReference;
			repositoryURL = "https://github.com/SwiftyJSON/SwiftyJSON";
			requirement = {
				kind = upToNextMajorVersion;
				minimumVersion = 5.0.1;
			};
		};
		4022099B27DF666300963282 /* XCRemoteSwiftPackageReference "SDWebImageSwiftUI" */ = {
			isa = XCRemoteSwiftPackageReference;
			repositoryURL = "https://github.com/SDWebImage/SDWebImageSwiftUI";
			requirement = {
				kind = upToNextMajorVersion;
				minimumVersion = 2.0.2;
			};
		};
/* End XCRemoteSwiftPackageReference section */

/* Begin XCSwiftPackageProductDependency section */
		4022099927DF662200963282 /* SwiftyJSON */ = {
			isa = XCSwiftPackageProductDependency;
			package = 4022099827DF662200963282 /* XCRemoteSwiftPackageReference "SwiftyJSON" */;
			productName = SwiftyJSON;
		};
		4022099C27DF666300963282 /* SDWebImageSwiftUI */ = {
			isa = XCSwiftPackageProductDependency;
			package = 4022099B27DF666300963282 /* XCRemoteSwiftPackageReference "SDWebImageSwiftUI" */;
			productName = SDWebImageSwiftUI;
		};
/* End XCSwiftPackageProductDependency section */
	};
	rootObject = 40A5E41927DE1D6E0016DEA7 /* Project object */;
}
